{
  "name": "pagbank-dll",
  "version": "1.0.0",
  "lockfileVersion": 1,
  "requires": true,
  "dependencies": {
    "koffi": {
      "version": "2.4.2",
      "resolved": "https://registry.npmjs.org/koffi/-/koffi-2.4.2.tgz",
      "integrity": "sha512-XDAev7zupyLwj9ze/4728T7NSHbnYXEptFrQuiEJS3ou8RJYp86HkXjqD9oNYoc4wWWAjeJtPJsRQfRVA/iqvg=="
    }
  }
}
